
Microsoft Visual Studio Solution File, Format Version 12.00
# Visual Studio 15
VisualStudioVersion = 15.0.28010.2019
MinimumVisualStudioVersion = 10.0.40219.1
Project("{FAE04EC0-301F-11D3-BF4B-00C04F79EFBC}") = "Faker", "Faker\Faker.csproj", "{EF0991AB-147B-4897-B085-359A41FD45E8}"
EndProject
Project("{FAE04EC0-301F-11D3-BF4B-00C04F79EFBC}") = "ConsoleFakerUsage", "ConsoleFakerUsage\ConsoleFakerUsage.csproj", "{2A6577F0-3CBD-4090-B389-446136816398}"
EndProject
Project("{FAE04EC0-301F-11D3-BF4B-00C04F79EFBC}") = "UIntValueGeneratorPlugin", "UIntValueGeneratorPlugin\UIntValueGeneratorPlugin.csproj", "{B98C98E9-39D5-49AC-BF75-58B79E9C4F5E}"
EndProject
Project("{FAE04EC0-301F-11D3-BF4B-00C04F79EFBC}") = "UShortValueGeneratorPlugin", "UShortValueGeneratorPlugin\UShortValueGeneratorPlugin.csproj", "{F129FFB4-D624-49C6-8465-9F6B72B5DE47}"
EndProject
Project("{FAE04EC0-301F-11D3-BF4B-00C04F79EFBC}") = "FakerUnitTest", "FakerUnitTest\FakerUnitTest.csproj", "{DF1AF09D-5981-4122-9954-AAED8AFB1FBD}"
EndProject
Global
	GlobalSection(SolutionConfigurationPlatforms) = preSolution
		Debug|Any CPU = Debug|Any CPU
		Release|Any CPU = Release|Any CPU
	EndGlobalSection
	GlobalSection(ProjectConfigurationPlatforms) = postSolution
		{EF0991AB-147B-4897-B085-359A41FD45E8}.Debug|Any CPU.ActiveCfg = Debug|Any CPU
		{EF0991AB-147B-4897-B085-359A41FD45E8}.Debug|Any CPU.Build.0 = Debug|Any CPU
		{EF0991AB-147B-4897-B085-359A41FD45E8}.Release|Any CPU.ActiveCfg = Release|Any CPU
		{EF0991AB-147B-4897-B085-359A41FD45E8}.Release|Any CPU.Build.0 = Release|Any CPU
		{2A6577F0-3CBD-4090-B389-446136816398}.Debug|Any CPU.ActiveCfg = Debug|Any CPU
		{2A6577F0-3CBD-4090-B389-446136816398}.Debug|Any CPU.Build.0 = Debug|Any CPU
		{2A6577F0-3CBD-4090-B389-446136816398}.Release|Any CPU.ActiveCfg = Release|Any CPU
		{2A6577F0-3CBD-4090-B389-446136816398}.Release|Any CPU.Build.0 = Release|Any CPU
		{B98C98E9-39D5-49AC-BF75-58B79E9C4F5E}.Debug|Any CPU.ActiveCfg = Debug|Any CPU
		{B98C98E9-39D5-49AC-BF75-58B79E9C4F5E}.Debug|Any CPU.Build.0 = Debug|Any CPU
		{B98C98E9-39D5-49AC-BF75-58B79E9C4F5E}.Release|Any CPU.ActiveCfg = Release|Any CPU
		{B98C98E9-39D5-49AC-BF75-58B79E9C4F5E}.Release|Any CPU.Build.0 = Release|Any CPU
		{F129FFB4-D624-49C6-8465-9F6B72B5DE47}.Debug|Any CPU.ActiveCfg = Debug|Any CPU
		{F129FFB4-D624-49C6-8465-9F6B72B5DE47}.Debug|Any CPU.Build.0 = Debug|Any CPU
		{F129FFB4-D624-49C6-8465-9F6B72B5DE47}.Release|Any CPU.ActiveCfg = Release|Any CPU
		{F129FFB4-D624-49C6-8465-9F6B72B5DE47}.Release|Any CPU.Build.0 = Release|Any CPU
		{DF1AF09D-5981-4122-9954-AAED8AFB1FBD}.Debug|Any CPU.ActiveCfg = Debug|Any CPU
		{DF1AF09D-5981-4122-9954-AAED8AFB1FBD}.Debug|Any CPU.Build.0 = Debug|Any CPU
		{DF1AF09D-5981-4122-9954-AAED8AFB1FBD}.Release|Any CPU.ActiveCfg = Release|Any CPU
		{DF1AF09D-5981-4122-9954-AAED8AFB1FBD}.Release|Any CPU.Build.0 = Release|Any CPU
	EndGlobalSection
	GlobalSection(SolutionProperties) = preSolution
		HideSolutionNode = FALSE
	EndGlobalSection
	GlobalSection(ExtensibilityGlobals) = postSolution
		SolutionGuid = {D1024E4F-17A9-491D-8D69-0166ECAC7395}
	EndGlobalSection
EndGlobal
